{
  "name": "webapp16",
  "lockfileVersion": 3,
  "requires": true,
  "packages": {
    "": {
      "dependencies": {
        "@fortawesome/angular-fontawesome": "^1.0.0",
        "@fortawesome/fontawesome-svg-core": "^6.7.2",
        "@fortawesome/free-brands-svg-icons": "^6.7.2",
        "@ionic/angular": "^8.5.5"
      }
    },
    "node_modules/@angular/common": {
      "version": "19.2.7",
      "resolved": "https://registry.npmjs.org/@angular/common/-/common-19.2.7.tgz",
      "integrity": "sha512-It6G8ohe0R5J6+YoCB6eDgmMp55+zYlbCIqEq1AoRPVTO7oVn5X65SIRDBlgpx4kzoBLeeYjDt8WUk4qIZ0GLQ==",
      "license": "MIT",
      "peer": true,
      "dependencies": {
        "tslib": "^2.3.0"
      },
      "engines": {
        "node": "^18.19.1 || ^20.11.1 || >=22.0.0"
      },
      "peerDependencies": {
        "@angular/core": "19.2.7",
        "rxjs": "^6.5.3 || ^7.4.0"
      }
    },
    "node_modules/@angular/core": {
      "version": "19.2.7",
      "resolved": "https://registry.npmjs.org/@angular/core/-/core-19.2.7.tgz",
      "integrity": "sha512-Ft3cTkXNU538wLDNI4qesFLVfDLXCSHq0uSmi53bHJJxddEJmjD73mGkYA4GGPc3NghQiDEcHuNoTZ3EXWbxjg==",
      "license": "MIT",
      "peer": true,
      "dependencies": {
        "tslib": "^2.3.0"
      },
      "engines": {
        "node": "^18.19.1 || ^20.11.1 || >=22.0.0"
      },
      "peerDependencies": {
        "rxjs": "^6.5.3 || ^7.4.0",
        "zone.js": "~0.15.0"
      }
    },
    "node_modules/@angular/forms": {
      "version": "19.2.7",
      "resolved": "https://registry.npmjs.org/@angular/forms/-/forms-19.2.7.tgz",
      "integrity": "sha512-tFPt53Hd8PKBGhYBdrWX/Az14vFddgujYqRX8fSZMTfd1nsgzUyGmpvwI4ftgx3q4esn3q9xeL2jrLhx8CX8EA==",
      "license": "MIT",
      "peer": true,
      "dependencies": {
        "tslib": "^2.3.0"
      },
      "engines": {
        "node": "^18.19.1 || ^20.11.1 || >=22.0.0"
      },
      "peerDependencies": {
        "@angular/common": "19.2.7",
        "@angular/core": "19.2.7",
        "@angular/platform-browser": "19.2.7",
        "rxjs": "^6.5.3 || ^7.4.0"
      }
    },
    "node_modules/@angular/platform-browser": {
      "version": "19.2.7",
      "resolved": "https://registry.npmjs.org/@angular/platform-browser/-/platform-browser-19.2.7.tgz",
      "integrity": "sha512-3kwatNyOUzdt3p92f6SRrNEnYbRVTBl7jL3t2wB+6RDWGboJXGjzFjGqpPpdIftTG56uUijPqZXmQ0gpSgtvuQ==",
      "license": "MIT",
      "peer": true,
      "dependencies": {
        "tslib": "^2.3.0"
      },
      "engines": {
        "node": "^18.19.1 || ^20.11.1 || >=22.0.0"
      },
      "peerDependencies": {
        "@angular/animations": "19.2.7",
        "@angular/common": "19.2.7",
        "@angular/core": "19.2.7"
      },
      "peerDependenciesMeta": {
        "@angular/animations": {
          "optional": true
        }
      }
    },
    "node_modules/@angular/router": {
      "version": "19.2.7",
      "resolved": "https://registry.npmjs.org/@angular/router/-/router-19.2.7.tgz",
      "integrity": "sha512-tbvDz/gkifgdeQ9CazoLLfSRqHE4FQcwMOglzEE9gNCIFohpcUwRnxqZMRhZ3RE4BVLqUmzk2LmJ3VYDf6RbqA==",
      "license": "MIT",
      "peer": true,
      "dependencies": {
        "tslib": "^2.3.0"
      },
      "engines": {
        "node": "^18.19.1 || ^20.11.1 || >=22.0.0"
      },
      "peerDependencies": {
        "@angular/common": "19.2.7",
        "@angular/core": "19.2.7",
        "@angular/platform-browser": "19.2.7",
        "rxjs": "^6.5.3 || ^7.4.0"
      }
    },
    "node_modules/@fortawesome/angular-fontawesome": {
      "version": "1.0.0",
      "resolved": "https://registry.npmjs.org/@fortawesome/angular-fontawesome/-/angular-fontawesome-1.0.0.tgz",
      "integrity": "sha512-EC2fYuXIuw2ld1kzJi+zysWus6OeGGfLQtbh0hW9zyyq5aBo8ZJkcJKBsVQ8E6Mg7nHyTWaXn+sdcXTPDWz+UQ==",
      "license": "MIT",
      "dependencies": {
        "@fortawesome/fontawesome-svg-core": "^6.7.1",
        "tslib": "^2.8.1"
      },
      "peerDependencies": {
        "@angular/core": "^19.0.0"
      }
    },
    "node_modules/@fortawesome/fontawesome-common-types": {
      "version": "6.7.2",
      "resolved": "https://registry.npmjs.org/@fortawesome/fontawesome-common-types/-/fontawesome-common-types-6.7.2.tgz",
      "integrity": "sha512-Zs+YeHUC5fkt7Mg1l6XTniei3k4bwG/yo3iFUtZWd/pMx9g3fdvkSK9E0FOC+++phXOka78uJcYb8JaFkW52Xg==",
      "license": "MIT",
      "engines": {
        "node": ">=6"
      }
    },
    "node_modules/@fortawesome/fontawesome-svg-core": {
      "version": "6.7.2",
      "resolved": "https://registry.npmjs.org/@fortawesome/fontawesome-svg-core/-/fontawesome-svg-core-6.7.2.tgz",
      "integrity": "sha512-yxtOBWDrdi5DD5o1pmVdq3WMCvnobT0LU6R8RyyVXPvFRd2o79/0NCuQoCjNTeZz9EzA9xS3JxNWfv54RIHFEA==",
      "license": "MIT",
      "dependencies": {
        "@fortawesome/fontawesome-common-types": "6.7.2"
      },
      "engines": {
        "node": ">=6"
      }
    },
    "node_modules/@fortawesome/free-brands-svg-icons": {
      "version": "6.7.2",
      "resolved": "https://registry.npmjs.org/@fortawesome/free-brands-svg-icons/-/free-brands-svg-icons-6.7.2.tgz",
      "integrity": "sha512-zu0evbcRTgjKfrr77/2XX+bU+kuGfjm0LbajJHVIgBWNIDzrhpRxiCPNT8DW5AdmSsq7Mcf9D1bH0aSeSUSM+Q==",
      "license": "(CC-BY-4.0 AND MIT)",
      "dependencies": {
        "@fortawesome/fontawesome-common-types": "6.7.2"
      },
      "engines": {
        "node": ">=6"
      }
    },
    "node_modules/@ionic/angular": {
      "version": "8.5.5",
      "resolved": "https://registry.npmjs.org/@ionic/angular/-/angular-8.5.5.tgz",
      "integrity": "sha512-QgEPURvmlg9cNbM9yTBxpNSC8OfaKvh9/13bPyjK3G0Wol+Cex2rb+VQBD7U7YiMVisGNIiKAdjVvFMdSg6nnw==",
      "license": "MIT",
      "dependencies": {
        "@ionic/core": "8.5.5",
        "ionicons": "^7.0.0",
        "jsonc-parser": "^3.0.0",
        "tslib": "^2.3.0"
      },
      "peerDependencies": {
        "@angular/core": ">=16.0.0",
        "@angular/forms": ">=16.0.0",
        "@angular/router": ">=16.0.0",
        "rxjs": ">=7.5.0",
        "zone.js": ">=0.13.0"
      }
    },
    "node_modules/@ionic/core": {
      "version": "8.5.5",
      "resolved": "https://registry.npmjs.org/@ionic/core/-/core-8.5.5.tgz",
      "integrity": "sha512-CrV93791fMLLmr+U81yTjNuHVFCDTspnB+TBhsWxdAHd5ErBzhlWn4tLjfyL/mRUO1vUy6sxU2oU4X6ooXi4Mg==",
      "license": "MIT",
      "dependencies": {
        "@stencil/core": "4.20.0",
        "ionicons": "^7.2.2",
        "tslib": "^2.1.0"
      }
    },
    "node_modules/@stencil/core": {
      "version": "4.20.0",
      "resolved": "https://registry.npmjs.org/@stencil/core/-/core-4.20.0.tgz",
      "integrity": "sha512-WPrTHFngvN081RY+dJPneKQLwnOFD60OMCOQGmmSHfCW0f4ujPMzzhwWU1gcSwXPWXz5O+8cBiiCaxAbJU7kAg==",
      "license": "MIT",
      "bin": {
        "stencil": "bin/stencil"
      },
      "engines": {
        "node": ">=16.0.0",
        "npm": ">=7.10.0"
      }
    },
    "node_modules/ionicons": {
      "version": "7.4.0",
      "resolved": "https://registry.npmjs.org/ionicons/-/ionicons-7.4.0.tgz",
      "integrity": "sha512-ZK94MMqgzMCPPMhmk8Ouu6goyVHFIlw/ACP6oe3FrikcI0N7CX0xcwVaEbUc0G/v3W0shI93vo+9ve/KpvcNhQ==",
      "license": "MIT",
      "dependencies": {
        "@stencil/core": "^4.0.3"
      }
    },
    "node_modules/jsonc-parser": {
      "version": "3.3.1",
      "resolved": "https://registry.npmjs.org/jsonc-parser/-/jsonc-parser-3.3.1.tgz",
      "integrity": "sha512-HUgH65KyejrUFPvHFPbqOY0rsFip3Bo5wb4ngvdi1EpCYWUQDC5V+Y7mZws+DLkr4M//zQJoanu1SP+87Dv1oQ==",
      "license": "MIT"
    },
    "node_modules/rxjs": {
      "version": "7.8.2",
      "resolved": "https://registry.npmjs.org/rxjs/-/rxjs-7.8.2.tgz",
      "integrity": "sha512-dhKf903U/PQZY6boNNtAGdWbG85WAbjT/1xYoZIC7FAY0yWapOBQVsVrDl58W86//e1VpMNBtRV4MaXfdMySFA==",
      "license": "Apache-2.0",
      "peer": true,
      "dependencies": {
        "tslib": "^2.1.0"
      }
    },
    "node_modules/tslib": {
      "version": "2.8.1",
      "resolved": "https://registry.npmjs.org/tslib/-/tslib-2.8.1.tgz",
      "integrity": "sha512-oJFu94HQb+KVduSUQL7wnpmqnfmLsOA/nAh6b6EH0wCEoK0/mPeXU6c3wKDV83MkOuHPRHtSXKKU99IBazS/2w==",
      "license": "0BSD"
    },
    "node_modules/zone.js": {
      "version": "0.15.0",
      "resolved": "https://registry.npmjs.org/zone.js/-/zone.js-0.15.0.tgz",
      "integrity": "sha512-9oxn0IIjbCZkJ67L+LkhYWRyAy7axphb3VgE2MBDlOqnmHMPWGYMxJxBYFueFq/JGY2GMwS0rU+UCLunEmy5UA==",
      "license": "MIT",
      "peer": true
    }
  }
}
